
Microsoft Visual Studio Solution File, Format Version 12.00
# Visual Studio Version 16
VisualStudioVersion = 16.0.30320.27
MinimumVisualStudioVersion = 10.0.40219.1
Project("{FAE04EC0-301F-11D3-BF4B-00C04F79EFBC}") = "Informatica.Negocio", "Informatica.Negocio\Informatica.Negocio.csproj", "{9B13E6F1-CBBE-4176-B812-0FCD0C6F8875}"
EndProject
Project("{FAE04EC0-301F-11D3-BF4B-00C04F79EFBC}") = "Informatica.Negocio.Test", "Informatica.Negocio.Test\Informatica.Negocio.Test.csproj", "{698121E6-CD93-4D03-A0D5-97D667601468}"
EndProject
Global
	GlobalSection(SolutionConfigurationPlatforms) = preSolution
		Debug|Any CPU = Debug|Any CPU
		Release|Any CPU = Release|Any CPU
	EndGlobalSection
	GlobalSection(ProjectConfigurationPlatforms) = postSolution
		{9B13E6F1-CBBE-4176-B812-0FCD0C6F8875}.Debug|Any CPU.ActiveCfg = Debug|Any CPU
		{9B13E6F1-CBBE-4176-B812-0FCD0C6F8875}.Debug|Any CPU.Build.0 = Debug|Any CPU
		{9B13E6F1-CBBE-4176-B812-0FCD0C6F8875}.Release|Any CPU.ActiveCfg = Release|Any CPU
		{9B13E6F1-CBBE-4176-B812-0FCD0C6F8875}.Release|Any CPU.Build.0 = Release|Any CPU
		{698121E6-CD93-4D03-A0D5-97D667601468}.Debug|Any CPU.ActiveCfg = Debug|Any CPU
		{698121E6-CD93-4D03-A0D5-97D667601468}.Debug|Any CPU.Build.0 = Debug|Any CPU
		{698121E6-CD93-4D03-A0D5-97D667601468}.Release|Any CPU.ActiveCfg = Release|Any CPU
		{698121E6-CD93-4D03-A0D5-97D667601468}.Release|Any CPU.Build.0 = Release|Any CPU
	EndGlobalSection
	GlobalSection(SolutionProperties) = preSolution
		HideSolutionNode = FALSE
	EndGlobalSection
	GlobalSection(ExtensibilityGlobals) = postSolution
		SolutionGuid = {BD403863-29D5-47D2-BEF6-27287A49F9B9}
	EndGlobalSection
EndGlobal
