
Microsoft Visual Studio Solution File, Format Version 12.00
# Visual Studio Version 16
VisualStudioVersion = 16.0.30320.27
MinimumVisualStudioVersion = 10.0.40219.1
Project("{9A19103F-16F7-4668-BE54-9A1E7A4F7556}") = "Informatica.Negocio", "Informatica.Negocio\Informatica.Negocio.csproj", "{B76CC133-16F6-4888-A13A-F6F46AA85D0F}"
EndProject
Project("{9A19103F-16F7-4668-BE54-9A1E7A4F7556}") = "Informatica.Negocio.Test", "Informatica.Negocio.Test\Informatica.Negocio.Test.csproj", "{F47E2198-1B39-49DE-9438-D4A6FBF5103C}"
EndProject
Global
	GlobalSection(SolutionConfigurationPlatforms) = preSolution
		Debug|Any CPU = Debug|Any CPU
		Release|Any CPU = Release|Any CPU
	EndGlobalSection
	GlobalSection(ProjectConfigurationPlatforms) = postSolution
		{B76CC133-16F6-4888-A13A-F6F46AA85D0F}.Debug|Any CPU.ActiveCfg = Debug|Any CPU
		{B76CC133-16F6-4888-A13A-F6F46AA85D0F}.Debug|Any CPU.Build.0 = Debug|Any CPU
		{B76CC133-16F6-4888-A13A-F6F46AA85D0F}.Release|Any CPU.ActiveCfg = Release|Any CPU
		{B76CC133-16F6-4888-A13A-F6F46AA85D0F}.Release|Any CPU.Build.0 = Release|Any CPU
		{F47E2198-1B39-49DE-9438-D4A6FBF5103C}.Debug|Any CPU.ActiveCfg = Debug|Any CPU
		{F47E2198-1B39-49DE-9438-D4A6FBF5103C}.Debug|Any CPU.Build.0 = Debug|Any CPU
		{F47E2198-1B39-49DE-9438-D4A6FBF5103C}.Release|Any CPU.ActiveCfg = Release|Any CPU
		{F47E2198-1B39-49DE-9438-D4A6FBF5103C}.Release|Any CPU.Build.0 = Release|Any CPU
	EndGlobalSection
	GlobalSection(SolutionProperties) = preSolution
		HideSolutionNode = FALSE
	EndGlobalSection
	GlobalSection(ExtensibilityGlobals) = postSolution
		SolutionGuid = {020148E9-BE1E-4204-8946-58B94B097EA1}
	EndGlobalSection
EndGlobal
