
Microsoft Visual Studio Solution File, Format Version 12.00
# Visual Studio Version 16
VisualStudioVersion = 16.0.30320.27
MinimumVisualStudioVersion = 10.0.40219.1
Project("{9A19103F-16F7-4668-BE54-9A1E7A4F7556}") = "SpecFlowProject1", "SpecFlowProject1\SpecFlowProject1.csproj", "{4850A6DB-CB09-44BB-B277-1FFA69FDE8EF}"
EndProject
Project("{9A19103F-16F7-4668-BE54-9A1E7A4F7556}") = "Calculos.Negocio", "Calculos.Negocio\Calculos.Negocio.csproj", "{D281C08D-734C-4459-9F00-1942EC104637}"
EndProject
Project("{9A19103F-16F7-4668-BE54-9A1E7A4F7556}") = "Financiera.Consola", "Financiera.Consola\Financiera.Consola.csproj", "{91452C59-0E62-4156-A200-FF79CBB618EC}"
EndProject
Project("{9A19103F-16F7-4668-BE54-9A1E7A4F7556}") = "Matematica.Tests", "Matematica.Tests\Matematica.Tests.csproj", "{E6506A7B-2518-4CA3-92E8-EB4B677EB182}"
EndProject
Project("{FAE04EC0-301F-11D3-BF4B-00C04F79EFBC}") = "Hilos.Consola.App", "Hilos.Consola.App\Hilos.Consola.App.csproj", "{36F0FB19-A9C2-4F53-95B1-65E7C403257C}"
EndProject
Global
	GlobalSection(SolutionConfigurationPlatforms) = preSolution
		Debug|Any CPU = Debug|Any CPU
		Debug|x86 = Debug|x86
		Release|Any CPU = Release|Any CPU
		Release|x86 = Release|x86
	EndGlobalSection
	GlobalSection(ProjectConfigurationPlatforms) = postSolution
		{4850A6DB-CB09-44BB-B277-1FFA69FDE8EF}.Debug|Any CPU.ActiveCfg = Debug|Any CPU
		{4850A6DB-CB09-44BB-B277-1FFA69FDE8EF}.Debug|Any CPU.Build.0 = Debug|Any CPU
		{4850A6DB-CB09-44BB-B277-1FFA69FDE8EF}.Debug|x86.ActiveCfg = Debug|Any CPU
		{4850A6DB-CB09-44BB-B277-1FFA69FDE8EF}.Debug|x86.Build.0 = Debug|Any CPU
		{4850A6DB-CB09-44BB-B277-1FFA69FDE8EF}.Release|Any CPU.ActiveCfg = Release|Any CPU
		{4850A6DB-CB09-44BB-B277-1FFA69FDE8EF}.Release|Any CPU.Build.0 = Release|Any CPU
		{4850A6DB-CB09-44BB-B277-1FFA69FDE8EF}.Release|x86.ActiveCfg = Release|Any CPU
		{4850A6DB-CB09-44BB-B277-1FFA69FDE8EF}.Release|x86.Build.0 = Release|Any CPU
		{D281C08D-734C-4459-9F00-1942EC104637}.Debug|Any CPU.ActiveCfg = Debug|Any CPU
		{D281C08D-734C-4459-9F00-1942EC104637}.Debug|Any CPU.Build.0 = Debug|Any CPU
		{D281C08D-734C-4459-9F00-1942EC104637}.Debug|x86.ActiveCfg = Debug|Any CPU
		{D281C08D-734C-4459-9F00-1942EC104637}.Debug|x86.Build.0 = Debug|Any CPU
		{D281C08D-734C-4459-9F00-1942EC104637}.Release|Any CPU.ActiveCfg = Release|Any CPU
		{D281C08D-734C-4459-9F00-1942EC104637}.Release|Any CPU.Build.0 = Release|Any CPU
		{D281C08D-734C-4459-9F00-1942EC104637}.Release|x86.ActiveCfg = Release|Any CPU
		{D281C08D-734C-4459-9F00-1942EC104637}.Release|x86.Build.0 = Release|Any CPU
		{91452C59-0E62-4156-A200-FF79CBB618EC}.Debug|Any CPU.ActiveCfg = Debug|Any CPU
		{91452C59-0E62-4156-A200-FF79CBB618EC}.Debug|Any CPU.Build.0 = Debug|Any CPU
		{91452C59-0E62-4156-A200-FF79CBB618EC}.Debug|x86.ActiveCfg = Debug|Any CPU
		{91452C59-0E62-4156-A200-FF79CBB618EC}.Debug|x86.Build.0 = Debug|Any CPU
		{91452C59-0E62-4156-A200-FF79CBB618EC}.Release|Any CPU.ActiveCfg = Release|Any CPU
		{91452C59-0E62-4156-A200-FF79CBB618EC}.Release|Any CPU.Build.0 = Release|Any CPU
		{91452C59-0E62-4156-A200-FF79CBB618EC}.Release|x86.ActiveCfg = Release|Any CPU
		{91452C59-0E62-4156-A200-FF79CBB618EC}.Release|x86.Build.0 = Release|Any CPU
		{E6506A7B-2518-4CA3-92E8-EB4B677EB182}.Debug|Any CPU.ActiveCfg = Debug|Any CPU
		{E6506A7B-2518-4CA3-92E8-EB4B677EB182}.Debug|Any CPU.Build.0 = Debug|Any CPU
		{E6506A7B-2518-4CA3-92E8-EB4B677EB182}.Debug|x86.ActiveCfg = Debug|Any CPU
		{E6506A7B-2518-4CA3-92E8-EB4B677EB182}.Debug|x86.Build.0 = Debug|Any CPU
		{E6506A7B-2518-4CA3-92E8-EB4B677EB182}.Release|Any CPU.ActiveCfg = Release|Any CPU
		{E6506A7B-2518-4CA3-92E8-EB4B677EB182}.Release|Any CPU.Build.0 = Release|Any CPU
		{E6506A7B-2518-4CA3-92E8-EB4B677EB182}.Release|x86.ActiveCfg = Release|Any CPU
		{E6506A7B-2518-4CA3-92E8-EB4B677EB182}.Release|x86.Build.0 = Release|Any CPU
		{36F0FB19-A9C2-4F53-95B1-65E7C403257C}.Debug|Any CPU.ActiveCfg = Debug|Any CPU
		{36F0FB19-A9C2-4F53-95B1-65E7C403257C}.Debug|Any CPU.Build.0 = Debug|Any CPU
		{36F0FB19-A9C2-4F53-95B1-65E7C403257C}.Debug|x86.ActiveCfg = Debug|Any CPU
		{36F0FB19-A9C2-4F53-95B1-65E7C403257C}.Debug|x86.Build.0 = Debug|Any CPU
		{36F0FB19-A9C2-4F53-95B1-65E7C403257C}.Release|Any CPU.ActiveCfg = Release|Any CPU
		{36F0FB19-A9C2-4F53-95B1-65E7C403257C}.Release|Any CPU.Build.0 = Release|Any CPU
		{36F0FB19-A9C2-4F53-95B1-65E7C403257C}.Release|x86.ActiveCfg = Release|Any CPU
		{36F0FB19-A9C2-4F53-95B1-65E7C403257C}.Release|x86.Build.0 = Release|Any CPU
	EndGlobalSection
	GlobalSection(SolutionProperties) = preSolution
		HideSolutionNode = FALSE
	EndGlobalSection
	GlobalSection(ExtensibilityGlobals) = postSolution
		SolutionGuid = {4F0FD6D7-4ECC-4801-A5B2-F32C54F6B237}
	EndGlobalSection
EndGlobal
